// !$*UTF8*$!
{
	archiveVersion = 1;
	classes = {
	};
	objectVersion = 51;
	objects = {

/* Begin PBXBuildFile section */
		12F275E11A74A9E130F9CCC3 /* libPods-NYTimesUITests.a in Frameworks */ = {isa = PBXBuildFile; fileRef = 1E42AB11E53B8F4FBAC6DF18 /* libPods-NYTimesUITests.a */; };
		1C18DBAB22EC253C00F50DB9 /* AppDelegate.swift in Sources */ = {isa = PBXBuildFile; fileRef = 1C18DBAA22EC253C00F50DB9 /* AppDelegate.swift */; };
		1C18DBAD22EC253C00F50DB9 /* MostPopularsViewController.swift in Sources */ = {isa = PBXBuildFile; fileRef = 1C18DBAC22EC253C00F50DB9 /* MostPopularsViewController.swift */; };
		1C18DBB022EC253C00F50DB9 /* Main.storyboard in Resources */ = {isa = PBXBuildFile; fileRef = 1C18DBAE22EC253C00F50DB9 /* Main.storyboard */; };
		1C18DBB222EC253F00F50DB9 /* Assets.xcassets in Resources */ = {isa = PBXBuildFile; fileRef = 1C18DBB122EC253F00F50DB9 /* Assets.xcassets */; };
		1C18DBB522EC253F00F50DB9 /* LaunchScreen.storyboard in Resources */ = {isa = PBXBuildFile; fileRef = 1C18DBB322EC253F00F50DB9 /* LaunchScreen.storyboard */; };
		1C18DBC022EC254000F50DB9 /* NYTimesTests.swift in Sources */ = {isa = PBXBuildFile; fileRef = 1C18DBBF22EC254000F50DB9 /* NYTimesTests.swift */; };
		1C18DBCB22EC254000F50DB9 /* NYTimesUITests.swift in Sources */ = {isa = PBXBuildFile; fileRef = 1C18DBCA22EC254000F50DB9 /* NYTimesUITests.swift */; };
		1C18DBDE22EC2B6800F50DB9 /* Define.swift in Sources */ = {isa = PBXBuildFile; fileRef = 1C18DBDD22EC2B6800F50DB9 /* Define.swift */; };
		1C18DBE122EC2BD400F50DB9 /* DataObserver.swift in Sources */ = {isa = PBXBuildFile; fileRef = 1C18DBE022EC2BD400F50DB9 /* DataObserver.swift */; };
		1C18DC0822EC428600F50DB9 /* NetworkManager.swift in Sources */ = {isa = PBXBuildFile; fileRef = 1C18DBFC22EC428600F50DB9 /* NetworkManager.swift */; };
		1C18DC0922EC428600F50DB9 /* NetworkInteractor.swift in Sources */ = {isa = PBXBuildFile; fileRef = 1C18DBFD22EC428600F50DB9 /* NetworkInteractor.swift */; };
		1C18DC0A22EC428600F50DB9 /* SearchRequest.swift in Sources */ = {isa = PBXBuildFile; fileRef = 1C18DC0022EC428600F50DB9 /* SearchRequest.swift */; };
		1C18DC0B22EC428600F50DB9 /* JsonParametersEncoding.swift in Sources */ = {isa = PBXBuildFile; fileRef = 1C18DC0222EC428600F50DB9 /* JsonParametersEncoding.swift */; };
		1C18DC0C22EC428600F50DB9 /* ParametersEncoding.swift in Sources */ = {isa = PBXBuildFile; fileRef = 1C18DC0322EC428600F50DB9 /* ParametersEncoding.swift */; };
		1C18DC0D22EC428600F50DB9 /* UrlParametersEncoding.swift in Sources */ = {isa = PBXBuildFile; fileRef = 1C18DC0422EC428600F50DB9 /* UrlParametersEncoding.swift */; };
		1C18DC0E22EC428600F50DB9 /* RequestFeature.swift in Sources */ = {isa = PBXBuildFile; fileRef = 1C18DC0622EC428600F50DB9 /* RequestFeature.swift */; };
		1C18DC0F22EC428600F50DB9 /* RequestInfo.swift in Sources */ = {isa = PBXBuildFile; fileRef = 1C18DC0722EC428600F50DB9 /* RequestInfo.swift */; };
		1C18DC1622EC462F00F50DB9 /* MostPopularTableViewCell.swift in Sources */ = {isa = PBXBuildFile; fileRef = 1C18DC1422EC462F00F50DB9 /* MostPopularTableViewCell.swift */; };
		1C18DC1722EC462F00F50DB9 /* MostPopularTableViewCell.xib in Resources */ = {isa = PBXBuildFile; fileRef = 1C18DC1522EC462F00F50DB9 /* MostPopularTableViewCell.xib */; };
		1C18DC1922EC479B00F50DB9 /* MostPopularViewModel.swift in Sources */ = {isa = PBXBuildFile; fileRef = 1C18DC1822EC479B00F50DB9 /* MostPopularViewModel.swift */; };
		1C18DC1B22EC49CC00F50DB9 /* SearchResponse.swift in Sources */ = {isa = PBXBuildFile; fileRef = 1C18DC1A22EC49CC00F50DB9 /* SearchResponse.swift */; };
		1C18DC1D22EC4A0800F50DB9 /* Popular.swift in Sources */ = {isa = PBXBuildFile; fileRef = 1C18DC1C22EC4A0800F50DB9 /* Popular.swift */; };
		1C18DC2022EC4D3600F50DB9 /* NSObjectHelpers.swift in Sources */ = {isa = PBXBuildFile; fileRef = 1C18DC1F22EC4D3600F50DB9 /* NSObjectHelpers.swift */; };
		1CE67A1122EC550400ADE875 /* Media.swift in Sources */ = {isa = PBXBuildFile; fileRef = 1CE67A0D22EC550400ADE875 /* Media.swift */; };
		1CE67A1322EC550400ADE875 /* MediaMetadata.swift in Sources */ = {isa = PBXBuildFile; fileRef = 1CE67A0F22EC550400ADE875 /* MediaMetadata.swift */; };
		1CE67A1522EC575A00ADE875 /* PopularsInfo.swift in Sources */ = {isa = PBXBuildFile; fileRef = 1CE67A1422EC575A00ADE875 /* PopularsInfo.swift */; };
		1CE67A1722EC60FD00ADE875 /* ObjectCodinHelpers.swift in Sources */ = {isa = PBXBuildFile; fileRef = 1CE67A1622EC60FD00ADE875 /* ObjectCodinHelpers.swift */; };
		1CE67A1A22EC64BA00ADE875 /* CustomImageView.swift in Sources */ = {isa = PBXBuildFile; fileRef = 1CE67A1922EC64BA00ADE875 /* CustomImageView.swift */; };
		1CE67A1C22EC67ED00ADE875 /* Images.xcassets in Resources */ = {isa = PBXBuildFile; fileRef = 1CE67A1B22EC67ED00ADE875 /* Images.xcassets */; };
		1CE67A1E22EC696A00ADE875 /* ImageViewAdditions.swift in Sources */ = {isa = PBXBuildFile; fileRef = 1CE67A1D22EC696A00ADE875 /* ImageViewAdditions.swift */; };
		1CE67A2122EC6C5B00ADE875 /* MostPopularCellViewModel.swift in Sources */ = {isa = PBXBuildFile; fileRef = 1CE67A2022EC6C5B00ADE875 /* MostPopularCellViewModel.swift */; };
		1CE67A2522EC70C600ADE875 /* XCTestAdditions.swift in Sources */ = {isa = PBXBuildFile; fileRef = 1CE67A2322EC709F00ADE875 /* XCTestAdditions.swift */; };
		1CE67A2622EC70C700ADE875 /* XCTestAdditions.swift in Sources */ = {isa = PBXBuildFile; fileRef = 1CE67A2322EC709F00ADE875 /* XCTestAdditions.swift */; };
		1CE67A2822EC760700ADE875 /* XCTest.framework in Frameworks */ = {isa = PBXBuildFile; fileRef = 1CE67A2722EC760700ADE875 /* XCTest.framework */; };
		1CE67A2922EC760F00ADE875 /* XCTest.framework in Frameworks */ = {isa = PBXBuildFile; fileRef = 1CE67A2722EC760700ADE875 /* XCTest.framework */; };
		8A39786F264B34C01F993609 /* Pods_NYTimes.framework in Frameworks */ = {isa = PBXBuildFile; fileRef = 1230F168CE08D109D2BFDCBE /* Pods_NYTimes.framework */; };
		C307653FA362E9503515D381 /* Pods_NYTimesTests.framework in Frameworks */ = {isa = PBXBuildFile; fileRef = 84D300FB701CF65B858ACD29 /* Pods_NYTimesTests.framework */; };
/* End PBXBuildFile section */

/* Begin PBXContainerItemProxy section */
		1C18DBBC22EC254000F50DB9 /* PBXContainerItemProxy */ = {
			isa = PBXContainerItemProxy;
			containerPortal = 1C18DB9F22EC253C00F50DB9 /* Project object */;
			proxyType = 1;
			remoteGlobalIDString = 1C18DBA622EC253C00F50DB9;
			remoteInfo = NYTimes;
		};
		1C18DBC722EC254000F50DB9 /* PBXContainerItemProxy */ = {
			isa = PBXContainerItemProxy;
			containerPortal = 1C18DB9F22EC253C00F50DB9 /* Project object */;
			proxyType = 1;
			remoteGlobalIDString = 1C18DBA622EC253C00F50DB9;
			remoteInfo = NYTimes;
		};
/* End PBXContainerItemProxy section */

/* Begin PBXFileReference section */
		1230F168CE08D109D2BFDCBE /* Pods_NYTimes.framework */ = {isa = PBXFileReference; explicitFileType = wrapper.framework; includeInIndex = 0; path = Pods_NYTimes.framework; sourceTree = BUILT_PRODUCTS_DIR; };
		1C18DBA722EC253C00F50DB9 /* NYTimes.app */ = {isa = PBXFileReference; explicitFileType = wrapper.application; includeInIndex = 0; path = NYTimes.app; sourceTree = BUILT_PRODUCTS_DIR; };
		1C18DBAA22EC253C00F50DB9 /* AppDelegate.swift */ = {isa = PBXFileReference; lastKnownFileType = sourcecode.swift; path = AppDelegate.swift; sourceTree = "<group>"; };
		1C18DBAC22EC253C00F50DB9 /* MostPopularsViewController.swift */ = {isa = PBXFileReference; lastKnownFileType = sourcecode.swift; path = MostPopularsViewController.swift; sourceTree = "<group>"; };
		1C18DBAF22EC253C00F50DB9 /* Base */ = {isa = PBXFileReference; lastKnownFileType = file.storyboard; name = Base; path = Base.lproj/Main.storyboard; sourceTree = "<group>"; };
		1C18DBB122EC253F00F50DB9 /* Assets.xcassets */ = {isa = PBXFileReference; lastKnownFileType = folder.assetcatalog; path = Assets.xcassets; sourceTree = "<group>"; };
		1C18DBB422EC253F00F50DB9 /* Base */ = {isa = PBXFileReference; lastKnownFileType = file.storyboard; name = Base; path = Base.lproj/LaunchScreen.storyboard; sourceTree = "<group>"; };
		1C18DBB622EC253F00F50DB9 /* Info.plist */ = {isa = PBXFileReference; lastKnownFileType = text.plist.xml; path = Info.plist; sourceTree = "<group>"; };
		1C18DBBB22EC253F00F50DB9 /* NYTimesTests.xctest */ = {isa = PBXFileReference; explicitFileType = wrapper.cfbundle; includeInIndex = 0; path = NYTimesTests.xctest; sourceTree = BUILT_PRODUCTS_DIR; };
		1C18DBBF22EC254000F50DB9 /* NYTimesTests.swift */ = {isa = PBXFileReference; lastKnownFileType = sourcecode.swift; path = NYTimesTests.swift; sourceTree = "<group>"; };
		1C18DBC122EC254000F50DB9 /* Info.plist */ = {isa = PBXFileReference; lastKnownFileType = text.plist.xml; path = Info.plist; sourceTree = "<group>"; };
		1C18DBC622EC254000F50DB9 /* NYTimesUITests.xctest */ = {isa = PBXFileReference; explicitFileType = wrapper.cfbundle; includeInIndex = 0; path = NYTimesUITests.xctest; sourceTree = BUILT_PRODUCTS_DIR; };
		1C18DBCA22EC254000F50DB9 /* NYTimesUITests.swift */ = {isa = PBXFileReference; lastKnownFileType = sourcecode.swift; path = NYTimesUITests.swift; sourceTree = "<group>"; };
		1C18DBCC22EC254000F50DB9 /* Info.plist */ = {isa = PBXFileReference; lastKnownFileType = text.plist.xml; path = Info.plist; sourceTree = "<group>"; };
		1C18DBDD22EC2B6800F50DB9 /* Define.swift */ = {isa = PBXFileReference; lastKnownFileType = sourcecode.swift; path = Define.swift; sourceTree = "<group>"; };
		1C18DBE022EC2BD400F50DB9 /* DataObserver.swift */ = {isa = PBXFileReference; lastKnownFileType = sourcecode.swift; path = DataObserver.swift; sourceTree = "<group>"; };
		1C18DBFC22EC428600F50DB9 /* NetworkManager.swift */ = {isa = PBXFileReference; fileEncoding = 4; lastKnownFileType = sourcecode.swift; path = NetworkManager.swift; sourceTree = "<group>"; };
		1C18DBFD22EC428600F50DB9 /* NetworkInteractor.swift */ = {isa = PBXFileReference; fileEncoding = 4; lastKnownFileType = sourcecode.swift; path = NetworkInteractor.swift; sourceTree = "<group>"; };
		1C18DC0022EC428600F50DB9 /* SearchRequest.swift */ = {isa = PBXFileReference; fileEncoding = 4; lastKnownFileType = sourcecode.swift; path = SearchRequest.swift; sourceTree = "<group>"; };
		1C18DC0222EC428600F50DB9 /* JsonParametersEncoding.swift */ = {isa = PBXFileReference; fileEncoding = 4; lastKnownFileType = sourcecode.swift; path = JsonParametersEncoding.swift; sourceTree = "<group>"; };
		1C18DC0322EC428600F50DB9 /* ParametersEncoding.swift */ = {isa = PBXFileReference; fileEncoding = 4; lastKnownFileType = sourcecode.swift; path = ParametersEncoding.swift; sourceTree = "<group>"; };
		1C18DC0422EC428600F50DB9 /* UrlParametersEncoding.swift */ = {isa = PBXFileReference; fileEncoding = 4; lastKnownFileType = sourcecode.swift; path = UrlParametersEncoding.swift; sourceTree = "<group>"; };
		1C18DC0622EC428600F50DB9 /* RequestFeature.swift */ = {isa = PBXFileReference; fileEncoding = 4; lastKnownFileType = sourcecode.swift; path = RequestFeature.swift; sourceTree = "<group>"; };
		1C18DC0722EC428600F50DB9 /* RequestInfo.swift */ = {isa = PBXFileReference; fileEncoding = 4; lastKnownFileType = sourcecode.swift; path = RequestInfo.swift; sourceTree = "<group>"; };
		1C18DC1422EC462F00F50DB9 /* MostPopularTableViewCell.swift */ = {isa = PBXFileReference; lastKnownFileType = sourcecode.swift; path = MostPopularTableViewCell.swift; sourceTree = "<group>"; };
		1C18DC1522EC462F00F50DB9 /* MostPopularTableViewCell.xib */ = {isa = PBXFileReference; lastKnownFileType = file.xib; path = MostPopularTableViewCell.xib; sourceTree = "<group>"; };
		1C18DC1822EC479B00F50DB9 /* MostPopularViewModel.swift */ = {isa = PBXFileReference; lastKnownFileType = sourcecode.swift; path = MostPopularViewModel.swift; sourceTree = "<group>"; };
		1C18DC1A22EC49CC00F50DB9 /* SearchResponse.swift */ = {isa = PBXFileReference; lastKnownFileType = sourcecode.swift; path = SearchResponse.swift; sourceTree = "<group>"; };
		1C18DC1C22EC4A0800F50DB9 /* Popular.swift */ = {isa = PBXFileReference; lastKnownFileType = sourcecode.swift; path = Popular.swift; sourceTree = "<group>"; };
		1C18DC1F22EC4D3600F50DB9 /* NSObjectHelpers.swift */ = {isa = PBXFileReference; lastKnownFileType = sourcecode.swift; path = NSObjectHelpers.swift; sourceTree = "<group>"; };
		1CE67A0D22EC550400ADE875 /* Media.swift */ = {isa = PBXFileReference; fileEncoding = 4; lastKnownFileType = sourcecode.swift; path = Media.swift; sourceTree = "<group>"; };
		1CE67A0F22EC550400ADE875 /* MediaMetadata.swift */ = {isa = PBXFileReference; fileEncoding = 4; lastKnownFileType = sourcecode.swift; path = MediaMetadata.swift; sourceTree = "<group>"; };
		1CE67A1422EC575A00ADE875 /* PopularsInfo.swift */ = {isa = PBXFileReference; lastKnownFileType = sourcecode.swift; path = PopularsInfo.swift; sourceTree = "<group>"; };
		1CE67A1622EC60FD00ADE875 /* ObjectCodinHelpers.swift */ = {isa = PBXFileReference; lastKnownFileType = sourcecode.swift; path = ObjectCodinHelpers.swift; sourceTree = "<group>"; };
		1CE67A1922EC64BA00ADE875 /* CustomImageView.swift */ = {isa = PBXFileReference; lastKnownFileType = sourcecode.swift; path = CustomImageView.swift; sourceTree = "<group>"; };
		1CE67A1B22EC67ED00ADE875 /* Images.xcassets */ = {isa = PBXFileReference; lastKnownFileType = folder.assetcatalog; path = Images.xcassets; sourceTree = "<group>"; };
		1CE67A1D22EC696A00ADE875 /* ImageViewAdditions.swift */ = {isa = PBXFileReference; lastKnownFileType = sourcecode.swift; path = ImageViewAdditions.swift; sourceTree = "<group>"; };
		1CE67A2022EC6C5B00ADE875 /* MostPopularCellViewModel.swift */ = {isa = PBXFileReference; lastKnownFileType = sourcecode.swift; path = MostPopularCellViewModel.swift; sourceTree = "<group>"; };
		1CE67A2322EC709F00ADE875 /* XCTestAdditions.swift */ = {isa = PBXFileReference; lastKnownFileType = sourcecode.swift; path = XCTestAdditions.swift; sourceTree = "<group>"; };
		1CE67A2722EC760700ADE875 /* XCTest.framework */ = {isa = PBXFileReference; lastKnownFileType = wrapper.framework; name = XCTest.framework; path = Platforms/iPhoneOS.platform/Developer/Library/Frameworks/XCTest.framework; sourceTree = DEVELOPER_DIR; };
		1E42AB11E53B8F4FBAC6DF18 /* libPods-NYTimesUITests.a */ = {isa = PBXFileReference; explicitFileType = archive.ar; includeInIndex = 0; path = "libPods-NYTimesUITests.a"; sourceTree = BUILT_PRODUCTS_DIR; };
		26127613338CC91DEB5C279E /* Pods-NYTimes.release.xcconfig */ = {isa = PBXFileReference; includeInIndex = 1; lastKnownFileType = text.xcconfig; name = "Pods-NYTimes.release.xcconfig"; path = "Target Support Files/Pods-NYTimes/Pods-NYTimes.release.xcconfig"; sourceTree = "<group>"; };
		4DD07CC393EA68D26EA35A35 /* Pods-NYTimesTests.release.xcconfig */ = {isa = PBXFileReference; includeInIndex = 1; lastKnownFileType = text.xcconfig; name = "Pods-NYTimesTests.release.xcconfig"; path = "Target Support Files/Pods-NYTimesTests/Pods-NYTimesTests.release.xcconfig"; sourceTree = "<group>"; };
		65C3C0B51B19F7D7089F62C1 /* Pods-NYTimesUITests.release.xcconfig */ = {isa = PBXFileReference; includeInIndex = 1; lastKnownFileType = text.xcconfig; name = "Pods-NYTimesUITests.release.xcconfig"; path = "Target Support Files/Pods-NYTimesUITests/Pods-NYTimesUITests.release.xcconfig"; sourceTree = "<group>"; };
		75AAC0C808515608A5F09E6B /* Pods-NYTimesTests.debug.xcconfig */ = {isa = PBXFileReference; includeInIndex = 1; lastKnownFileType = text.xcconfig; name = "Pods-NYTimesTests.debug.xcconfig"; path = "Target Support Files/Pods-NYTimesTests/Pods-NYTimesTests.debug.xcconfig"; sourceTree = "<group>"; };
		84D300FB701CF65B858ACD29 /* Pods_NYTimesTests.framework */ = {isa = PBXFileReference; explicitFileType = wrapper.framework; includeInIndex = 0; path = Pods_NYTimesTests.framework; sourceTree = BUILT_PRODUCTS_DIR; };
		A913D70B2FB3147420841799 /* Pods-NYTimesUITests.debug.xcconfig */ = {isa = PBXFileReference; includeInIndex = 1; lastKnownFileType = text.xcconfig; name = "Pods-NYTimesUITests.debug.xcconfig"; path = "Target Support Files/Pods-NYTimesUITests/Pods-NYTimesUITests.debug.xcconfig"; sourceTree = "<group>"; };
		B5D8638CC2E3548704F30B57 /* Pods-NYTimes.debug.xcconfig */ = {isa = PBXFileReference; includeInIndex = 1; lastKnownFileType = text.xcconfig; name = "Pods-NYTimes.debug.xcconfig"; path = "Target Support Files/Pods-NYTimes/Pods-NYTimes.debug.xcconfig"; sourceTree = "<group>"; };
/* End PBXFileReference section */

/* Begin PBXFrameworksBuildPhase section */
		1C18DBA422EC253C00F50DB9 /* Frameworks */ = {
			isa = PBXFrameworksBuildPhase;
			buildActionMask = 2147483647;
			files = (
				8A39786F264B34C01F993609 /* Pods_NYTimes.framework in Frameworks */,
			);
			runOnlyForDeploymentPostprocessing = 0;
		};
		1C18DBB822EC253F00F50DB9 /* Frameworks */ = {
			isa = PBXFrameworksBuildPhase;
			buildActionMask = 2147483647;
			files = (
				1CE67A2822EC760700ADE875 /* XCTest.framework in Frameworks */,
				C307653FA362E9503515D381 /* Pods_NYTimesTests.framework in Frameworks */,
			);
			runOnlyForDeploymentPostprocessing = 0;
		};
		1C18DBC322EC254000F50DB9 /* Frameworks */ = {
			isa = PBXFrameworksBuildPhase;
			buildActionMask = 2147483647;
			files = (
				1CE67A2922EC760F00ADE875 /* XCTest.framework in Frameworks */,
				12F275E11A74A9E130F9CCC3 /* libPods-NYTimesUITests.a in Frameworks */,
			);
			runOnlyForDeploymentPostprocessing = 0;
		};
/* End PBXFrameworksBuildPhase section */

/* Begin PBXGroup section */
		1C18DB9E22EC253C00F50DB9 = {
			isa = PBXGroup;
			children = (
				1C18DBA922EC253C00F50DB9 /* NYTimes */,
				1CE67A2222EC708B00ADE875 /* XCTestAdditions */,
				1C18DBBE22EC254000F50DB9 /* NYTimesTests */,
				1C18DBC922EC254000F50DB9 /* NYTimesUITests */,
				1C18DBA822EC253C00F50DB9 /* Products */,
				51274EF4F69174A54FA68A7D /* Pods */,
				8A6E99A9005718820C5CBC37 /* Frameworks */,
			);
			sourceTree = "<group>";
		};
		1C18DBA822EC253C00F50DB9 /* Products */ = {
			isa = PBXGroup;
			children = (
				1C18DBA722EC253C00F50DB9 /* NYTimes.app */,
				1C18DBBB22EC253F00F50DB9 /* NYTimesTests.xctest */,
				1C18DBC622EC254000F50DB9 /* NYTimesUITests.xctest */,
			);
			name = Products;
			sourceTree = "<group>";
		};
		1C18DBA922EC253C00F50DB9 /* NYTimes */ = {
			isa = PBXGroup;
			children = (
				1C18DBD822EC297700F50DB9 /* Helpers */,
				1C18DBDB22EC298700F50DB9 /* Models */,
				1C18DBDA22EC298200F50DB9 /* Views */,
				1C18DBD922EC297C00F50DB9 /* Controllers */,
				1C18DBAA22EC253C00F50DB9 /* AppDelegate.swift */,
				1C18DBAE22EC253C00F50DB9 /* Main.storyboard */,
				1C18DBB122EC253F00F50DB9 /* Assets.xcassets */,
				1CE67A1B22EC67ED00ADE875 /* Images.xcassets */,
				1C18DBB322EC253F00F50DB9 /* LaunchScreen.storyboard */,
				1C18DBB622EC253F00F50DB9 /* Info.plist */,
			);
			path = NYTimes;
			sourceTree = "<group>";
		};
		1C18DBBE22EC254000F50DB9 /* NYTimesTests */ = {
			isa = PBXGroup;
			children = (
				1C18DBBF22EC254000F50DB9 /* NYTimesTests.swift */,
				1C18DBC122EC254000F50DB9 /* Info.plist */,
			);
			path = NYTimesTests;
			sourceTree = "<group>";
		};
		1C18DBC922EC254000F50DB9 /* NYTimesUITests */ = {
			isa = PBXGroup;
			children = (
				1C18DBCA22EC254000F50DB9 /* NYTimesUITests.swift */,
				1C18DBCC22EC254000F50DB9 /* Info.plist */,
			);
			path = NYTimesUITests;
			sourceTree = "<group>";
		};
		1C18DBD822EC297700F50DB9 /* Helpers */ = {
			isa = PBXGroup;
			children = (
				1C18DC1E22EC4D2A00F50DB9 /* Categories */,
				1C18DBFA22EC428600F50DB9 /* Networking */,
				1C18DBDF22EC2BBE00F50DB9 /* DataObservers */,
				1C18DBDC22EC2B5600F50DB9 /* Defines */,
			);
			path = Helpers;
			sourceTree = "<group>";
		};
		1C18DBD922EC297C00F50DB9 /* Controllers */ = {
			isa = PBXGroup;
			children = (
				1C18DC1022EC45AB00F50DB9 /* MosPopular */,
			);
			path = Controllers;
			sourceTree = "<group>";
		};
		1C18DBDA22EC298200F50DB9 /* Views */ = {
			isa = PBXGroup;
			children = (
				1CE67A1822EC649E00ADE875 /* CustomImageViews */,
				1C18DC1122EC460400F50DB9 /* Cells */,
			);
			path = Views;
			sourceTree = "<group>";
		};
		1C18DBDB22EC298700F50DB9 /* Models */ = {
			isa = PBXGroup;
			children = (
				1C18DC1A22EC49CC00F50DB9 /* SearchResponse.swift */,
				1CE67A0B22EC54F400ADE875 /* Popular */,
			);
			path = Models;
			sourceTree = "<group>";
		};
		1C18DBDC22EC2B5600F50DB9 /* Defines */ = {
			isa = PBXGroup;
			children = (
				1C18DBDD22EC2B6800F50DB9 /* Define.swift */,
			);
			path = Defines;
			sourceTree = "<group>";
		};
		1C18DBDF22EC2BBE00F50DB9 /* DataObservers */ = {
			isa = PBXGroup;
			children = (
				1C18DBE022EC2BD400F50DB9 /* DataObserver.swift */,
			);
			path = DataObservers;
			sourceTree = "<group>";
		};
		1C18DBFA22EC428600F50DB9 /* Networking */ = {
			isa = PBXGroup;
			children = (
				1C18DBFB22EC428600F50DB9 /* Network Manager */,
				1C18DBFE22EC428600F50DB9 /* Requests */,
				1C18DC0122EC428600F50DB9 /* Encodoing */,
				1C18DC0522EC428600F50DB9 /* Service */,
			);
			path = Networking;
			sourceTree = "<group>";
		};
		1C18DBFB22EC428600F50DB9 /* Network Manager */ = {
			isa = PBXGroup;
			children = (
				1C18DBFC22EC428600F50DB9 /* NetworkManager.swift */,
				1C18DBFD22EC428600F50DB9 /* NetworkInteractor.swift */,
			);
			path = "Network Manager";
			sourceTree = "<group>";
		};
		1C18DBFE22EC428600F50DB9 /* Requests */ = {
			isa = PBXGroup;
			children = (
				1C18DBFF22EC428600F50DB9 /* Search */,
			);
			path = Requests;
			sourceTree = "<group>";
		};
		1C18DBFF22EC428600F50DB9 /* Search */ = {
			isa = PBXGroup;
			children = (
				1C18DC0022EC428600F50DB9 /* SearchRequest.swift */,
			);
			path = Search;
			sourceTree = "<group>";
		};
		1C18DC0122EC428600F50DB9 /* Encodoing */ = {
			isa = PBXGroup;
			children = (
				1C18DC0222EC428600F50DB9 /* JsonParametersEncoding.swift */,
				1C18DC0322EC428600F50DB9 /* ParametersEncoding.swift */,
				1C18DC0422EC428600F50DB9 /* UrlParametersEncoding.swift */,
			);
			path = Encodoing;
			sourceTree = "<group>";
		};
		1C18DC0522EC428600F50DB9 /* Service */ = {
			isa = PBXGroup;
			children = (
				1C18DC0622EC428600F50DB9 /* RequestFeature.swift */,
				1C18DC0722EC428600F50DB9 /* RequestInfo.swift */,
			);
			path = Service;
			sourceTree = "<group>";
		};
		1C18DC1022EC45AB00F50DB9 /* MosPopular */ = {
			isa = PBXGroup;
			children = (
				1C18DC1822EC479B00F50DB9 /* MostPopularViewModel.swift */,
				1C18DBAC22EC253C00F50DB9 /* MostPopularsViewController.swift */,
			);
			path = MosPopular;
			sourceTree = "<group>";
		};
		1C18DC1122EC460400F50DB9 /* Cells */ = {
			isa = PBXGroup;
			children = (
				1C18DC1222EC460E00F50DB9 /* TableCells */,
			);
			path = Cells;
			sourceTree = "<group>";
		};
		1C18DC1222EC460E00F50DB9 /* TableCells */ = {
			isa = PBXGroup;
			children = (
				1C18DC1322EC461800F50DB9 /* MostPopular */,
			);
			path = TableCells;
			sourceTree = "<group>";
		};
		1C18DC1322EC461800F50DB9 /* MostPopular */ = {
			isa = PBXGroup;
			children = (
				1CE67A1F22EC6C4000ADE875 /* MostPopularCellViewModel */,
				1C18DC1422EC462F00F50DB9 /* MostPopularTableViewCell.swift */,
				1C18DC1522EC462F00F50DB9 /* MostPopularTableViewCell.xib */,
			);
			path = MostPopular;
			sourceTree = "<group>";
		};
		1C18DC1E22EC4D2A00F50DB9 /* Categories */ = {
			isa = PBXGroup;
			children = (
				1C18DC1F22EC4D3600F50DB9 /* NSObjectHelpers.swift */,
				1CE67A1622EC60FD00ADE875 /* ObjectCodinHelpers.swift */,
				1CE67A1D22EC696A00ADE875 /* ImageViewAdditions.swift */,
			);
			path = Categories;
			sourceTree = "<group>";
		};
		1CE67A0B22EC54F400ADE875 /* Popular */ = {
			isa = PBXGroup;
			children = (
				1CE67A1422EC575A00ADE875 /* PopularsInfo.swift */,
				1CE67A0F22EC550400ADE875 /* MediaMetadata.swift */,
				1CE67A0D22EC550400ADE875 /* Media.swift */,
				1C18DC1C22EC4A0800F50DB9 /* Popular.swift */,
			);
			path = Popular;
			sourceTree = "<group>";
		};
		1CE67A1822EC649E00ADE875 /* CustomImageViews */ = {
			isa = PBXGroup;
			children = (
				1CE67A1922EC64BA00ADE875 /* CustomImageView.swift */,
			);
			path = CustomImageViews;
			sourceTree = "<group>";
		};
		1CE67A1F22EC6C4000ADE875 /* MostPopularCellViewModel */ = {
			isa = PBXGroup;
			children = (
				1CE67A2022EC6C5B00ADE875 /* MostPopularCellViewModel.swift */,
			);
			path = MostPopularCellViewModel;
			sourceTree = "<group>";
		};
		1CE67A2222EC708B00ADE875 /* XCTestAdditions */ = {
			isa = PBXGroup;
			children = (
				1CE67A2322EC709F00ADE875 /* XCTestAdditions.swift */,
			);
			path = XCTestAdditions;
			sourceTree = "<group>";
		};
		51274EF4F69174A54FA68A7D /* Pods */ = {
			isa = PBXGroup;
			children = (
				B5D8638CC2E3548704F30B57 /* Pods-NYTimes.debug.xcconfig */,
				26127613338CC91DEB5C279E /* Pods-NYTimes.release.xcconfig */,
				75AAC0C808515608A5F09E6B /* Pods-NYTimesTests.debug.xcconfig */,
				4DD07CC393EA68D26EA35A35 /* Pods-NYTimesTests.release.xcconfig */,
				A913D70B2FB3147420841799 /* Pods-NYTimesUITests.debug.xcconfig */,
				65C3C0B51B19F7D7089F62C1 /* Pods-NYTimesUITests.release.xcconfig */,
			);
			path = Pods;
			sourceTree = "<group>";
		};
		8A6E99A9005718820C5CBC37 /* Frameworks */ = {
			isa = PBXGroup;
			children = (
				1CE67A2722EC760700ADE875 /* XCTest.framework */,
				1230F168CE08D109D2BFDCBE /* Pods_NYTimes.framework */,
				84D300FB701CF65B858ACD29 /* Pods_NYTimesTests.framework */,
				1E42AB11E53B8F4FBAC6DF18 /* libPods-NYTimesUITests.a */,
			);
			name = Frameworks;
			sourceTree = "<group>";
		};
/* End PBXGroup section */

/* Begin PBXNativeTarget section */
		1C18DBA622EC253C00F50DB9 /* NYTimes */ = {
			isa = PBXNativeTarget;
			buildConfigurationList = 1C18DBCF22EC254000F50DB9 /* Build configuration list for PBXNativeTarget "NYTimes" */;
			buildPhases = (
				0717A304FB34DE0CDBC7CF36 /* [CP] Check Pods Manifest.lock */,
				1C18DBA322EC253C00F50DB9 /* Sources */,
				1C18DBA422EC253C00F50DB9 /* Frameworks */,
				1C18DBA522EC253C00F50DB9 /* Resources */,
				FCB0F25ADD697FC401BDB1BD /* [CP] Embed Pods Frameworks */,
			);
			buildRules = (
			);
			dependencies = (
			);
			name = NYTimes;
			productName = NYTimes;
			productReference = 1C18DBA722EC253C00F50DB9 /* NYTimes.app */;
			productType = "com.apple.product-type.application";
		};
		1C18DBBA22EC253F00F50DB9 /* NYTimesTests */ = {
			isa = PBXNativeTarget;
			buildConfigurationList = 1C18DBD222EC254000F50DB9 /* Build configuration list for PBXNativeTarget "NYTimesTests" */;
			buildPhases = (
				14A8E596165A8076E4D4CB22 /* [CP] Check Pods Manifest.lock */,
				1C18DBB722EC253F00F50DB9 /* Sources */,
				1C18DBB822EC253F00F50DB9 /* Frameworks */,
				1C18DBB922EC253F00F50DB9 /* Resources */,
			);
			buildRules = (
			);
			dependencies = (
				1C18DBBD22EC254000F50DB9 /* PBXTargetDependency */,
			);
			name = NYTimesTests;
			productName = NYTimesTests;
			productReference = 1C18DBBB22EC253F00F50DB9 /* NYTimesTests.xctest */;
			productType = "com.apple.product-type.bundle.unit-test";
		};
		1C18DBC522EC254000F50DB9 /* NYTimesUITests */ = {
			isa = PBXNativeTarget;
			buildConfigurationList = 1C18DBD522EC254000F50DB9 /* Build configuration list for PBXNativeTarget "NYTimesUITests" */;
			buildPhases = (
				9587C76FFA56E3AB5E979F92 /* [CP] Check Pods Manifest.lock */,
				1C18DBC222EC254000F50DB9 /* Sources */,
				1C18DBC322EC254000F50DB9 /* Frameworks */,
				1C18DBC422EC254000F50DB9 /* Resources */,
			);
			buildRules = (
			);
			dependencies = (
				1C18DBC822EC254000F50DB9 /* PBXTargetDependency */,
			);
			name = NYTimesUITests;
			productName = NYTimesUITests;
			productReference = 1C18DBC622EC254000F50DB9 /* NYTimesUITests.xctest */;
			productType = "com.apple.product-type.bundle.ui-testing";
		};
/* End PBXNativeTarget section */

/* Begin PBXProject section */
		1C18DB9F22EC253C00F50DB9 /* Project object */ = {
			isa = PBXProject;
			attributes = {
				LastSwiftUpdateCheck = 1020;
				LastUpgradeCheck = 1020;
				ORGANIZATIONNAME = "Mohd Haider";
				TargetAttributes = {
					1C18DBA622EC253C00F50DB9 = {
						CreatedOnToolsVersion = 10.2.1;
					};
					1C18DBBA22EC253F00F50DB9 = {
						CreatedOnToolsVersion = 10.2.1;
						TestTargetID = 1C18DBA622EC253C00F50DB9;
					};
					1C18DBC522EC254000F50DB9 = {
						CreatedOnToolsVersion = 10.2.1;
						TestTargetID = 1C18DBA622EC253C00F50DB9;
					};
				};
			};
			buildConfigurationList = 1C18DBA222EC253C00F50DB9 /* Build configuration list for PBXProject "NYTimes" */;
			compatibilityVersion = "Xcode 9.3";
			developmentRegion = en;
			hasScannedForEncodings = 0;
			knownRegions = (
				en,
				Base,
			);
			mainGroup = 1C18DB9E22EC253C00F50DB9;
			productRefGroup = 1C18DBA822EC253C00F50DB9 /* Products */;
			projectDirPath = "";
			projectRoot = "";
			targets = (
				1C18DBA622EC253C00F50DB9 /* NYTimes */,
				1C18DBBA22EC253F00F50DB9 /* NYTimesTests */,
				1C18DBC522EC254000F50DB9 /* NYTimesUITests */,
			);
		};
/* End PBXProject section */

/* Begin PBXResourcesBuildPhase section */
		1C18DBA522EC253C00F50DB9 /* Resources */ = {
			isa = PBXResourcesBuildPhase;
			buildActionMask = 2147483647;
			files = (
				1C18DBB522EC253F00F50DB9 /* LaunchScreen.storyboard in Resources */,
				1CE67A1C22EC67ED00ADE875 /* Images.xcassets in Resources */,
				1C18DBB222EC253F00F50DB9 /* Assets.xcassets in Resources */,
				1C18DC1722EC462F00F50DB9 /* MostPopularTableViewCell.xib in Resources */,
				1C18DBB022EC253C00F50DB9 /* Main.storyboard in Resources */,
			);
			runOnlyForDeploymentPostprocessing = 0;
		};
		1C18DBB922EC253F00F50DB9 /* Resources */ = {
			isa = PBXResourcesBuildPhase;
			buildActionMask = 2147483647;
			files = (
			);
			runOnlyForDeploymentPostprocessing = 0;
		};
		1C18DBC422EC254000F50DB9 /* Resources */ = {
			isa = PBXResourcesBuildPhase;
			buildActionMask = 2147483647;
			files = (
			);
			runOnlyForDeploymentPostprocessing = 0;
		};
/* End PBXResourcesBuildPhase section */

/* Begin PBXShellScriptBuildPhase section */
		0717A304FB34DE0CDBC7CF36 /* [CP] Check Pods Manifest.lock */ = {
			isa = PBXShellScriptBuildPhase;
			buildActionMask = 2147483647;
			files = (
			);
			inputFileListPaths = (
			);
			inputPaths = (
				"${PODS_PODFILE_DIR_PATH}/Podfile.lock",
				"${PODS_ROOT}/Manifest.lock",
			);
			name = "[CP] Check Pods Manifest.lock";
			outputFileListPaths = (
			);
			outputPaths = (
				"$(DERIVED_FILE_DIR)/Pods-NYTimes-checkManifestLockResult.txt",
			);
			runOnlyForDeploymentPostprocessing = 0;
			shellPath = /bin/sh;
			shellScript = "diff \"${PODS_PODFILE_DIR_PATH}/Podfile.lock\" \"${PODS_ROOT}/Manifest.lock\" > /dev/null\nif [ $? != 0 ] ; then\n    # print error to STDERR\n    echo \"error: The sandbox is not in sync with the Podfile.lock. Run 'pod install' or update your CocoaPods installation.\" >&2\n    exit 1\nfi\n# This output is used by Xcode 'outputs' to avoid re-running this script phase.\necho \"SUCCESS\" > \"${SCRIPT_OUTPUT_FILE_0}\"\n";
			showEnvVarsInLog = 0;
		};
		14A8E596165A8076E4D4CB22 /* [CP] Check Pods Manifest.lock */ = {
			isa = PBXShellScriptBuildPhase;
			buildActionMask = 2147483647;
			files = (
			);
			inputFileListPaths = (
			);
			inputPaths = (
				"${PODS_PODFILE_DIR_PATH}/Podfile.lock",
				"${PODS_ROOT}/Manifest.lock",
			);
			name = "[CP] Check Pods Manifest.lock";
			outputFileListPaths = (
			);
			outputPaths = (
				"$(DERIVED_FILE_DIR)/Pods-NYTimesTests-checkManifestLockResult.txt",
			);
			runOnlyForDeploymentPostprocessing = 0;
			shellPath = /bin/sh;
			shellScript = "diff \"${PODS_PODFILE_DIR_PATH}/Podfile.lock\" \"${PODS_ROOT}/Manifest.lock\" > /dev/null\nif [ $? != 0 ] ; then\n    # print error to STDERR\n    echo \"error: The sandbox is not in sync with the Podfile.lock. Run 'pod install' or update your CocoaPods installation.\" >&2\n    exit 1\nfi\n# This output is used by Xcode 'outputs' to avoid re-running this script phase.\necho \"SUCCESS\" > \"${SCRIPT_OUTPUT_FILE_0}\"\n";
			showEnvVarsInLog = 0;
		};
		9587C76FFA56E3AB5E979F92 /* [CP] Check Pods Manifest.lock */ = {
			isa = PBXShellScriptBuildPhase;
			buildActionMask = 2147483647;
			files = (
			);
			inputFileListPaths = (
			);
			inputPaths = (
				"${PODS_PODFILE_DIR_PATH}/Podfile.lock",
				"${PODS_ROOT}/Manifest.lock",
			);
			name = "[CP] Check Pods Manifest.lock";
			outputFileListPaths = (
			);
			outputPaths = (
				"$(DERIVED_FILE_DIR)/Pods-NYTimesUITests-checkManifestLockResult.txt",
			);
			runOnlyForDeploymentPostprocessing = 0;
			shellPath = /bin/sh;
			shellScript = "diff \"${PODS_PODFILE_DIR_PATH}/Podfile.lock\" \"${PODS_ROOT}/Manifest.lock\" > /dev/null\nif [ $? != 0 ] ; then\n    # print error to STDERR\n    echo \"error: The sandbox is not in sync with the Podfile.lock. Run 'pod install' or update your CocoaPods installation.\" >&2\n    exit 1\nfi\n# This output is used by Xcode 'outputs' to avoid re-running this script phase.\necho \"SUCCESS\" > \"${SCRIPT_OUTPUT_FILE_0}\"\n";
			showEnvVarsInLog = 0;
		};
		FCB0F25ADD697FC401BDB1BD /* [CP] Embed Pods Frameworks */ = {
			isa = PBXShellScriptBuildPhase;
			buildActionMask = 2147483647;
			files = (
			);
			inputFileListPaths = (
				"${PODS_ROOT}/Target Support Files/Pods-NYTimes/Pods-NYTimes-frameworks-${CONFIGURATION}-input-files.xcfilelist",
			);
			name = "[CP] Embed Pods Frameworks";
			outputFileListPaths = (
				"${PODS_ROOT}/Target Support Files/Pods-NYTimes/Pods-NYTimes-frameworks-${CONFIGURATION}-output-files.xcfilelist",
			);
			runOnlyForDeploymentPostprocessing = 0;
			shellPath = /bin/sh;
			shellScript = "\"${PODS_ROOT}/Target Support Files/Pods-NYTimes/Pods-NYTimes-frameworks.sh\"\n";
			showEnvVarsInLog = 0;
		};
/* End PBXShellScriptBuildPhase section */

/* Begin PBXSourcesBuildPhase section */
		1C18DBA322EC253C00F50DB9 /* Sources */ = {
			isa = PBXSourcesBuildPhase;
			buildActionMask = 2147483647;
			files = (
				1CE67A1122EC550400ADE875 /* Media.swift in Sources */,
				1C18DBAD22EC253C00F50DB9 /* MostPopularsViewController.swift in Sources */,
				1C18DC0F22EC428600F50DB9 /* RequestInfo.swift in Sources */,
				1C18DC0922EC428600F50DB9 /* NetworkInteractor.swift in Sources */,
				1CE67A1722EC60FD00ADE875 /* ObjectCodinHelpers.swift in Sources */,
				1C18DBDE22EC2B6800F50DB9 /* Define.swift in Sources */,
				1C18DC0E22EC428600F50DB9 /* RequestFeature.swift in Sources */,
				1CE67A1A22EC64BA00ADE875 /* CustomImageView.swift in Sources */,
				1C18DC1922EC479B00F50DB9 /* MostPopularViewModel.swift in Sources */,
				1CE67A1522EC575A00ADE875 /* PopularsInfo.swift in Sources */,
				1C18DC0822EC428600F50DB9 /* NetworkManager.swift in Sources */,
				1CE67A2122EC6C5B00ADE875 /* MostPopularCellViewModel.swift in Sources */,
				1C18DC0B22EC428600F50DB9 /* JsonParametersEncoding.swift in Sources */,
				1C18DC1622EC462F00F50DB9 /* MostPopularTableViewCell.swift in Sources */,
				1C18DC0A22EC428600F50DB9 /* SearchRequest.swift in Sources */,
				1C18DBAB22EC253C00F50DB9 /* AppDelegate.swift in Sources */,
				1C18DC2022EC4D3600F50DB9 /* NSObjectHelpers.swift in Sources */,
				1C18DC1D22EC4A0800F50DB9 /* Popular.swift in Sources */,
				1C18DC1B22EC49CC00F50DB9 /* SearchResponse.swift in Sources */,
				1C18DC0C22EC428600F50DB9 /* ParametersEncoding.swift in Sources */,
				1C18DC0D22EC428600F50DB9 /* UrlParametersEncoding.swift in Sources */,
				1CE67A1322EC550400ADE875 /* MediaMetadata.swift in Sources */,
				1CE67A1E22EC696A00ADE875 /* ImageViewAdditions.swift in Sources */,
				1C18DBE122EC2BD400F50DB9 /* DataObserver.swift in Sources */,
			);
			runOnlyForDeploymentPostprocessing = 0;
		};
		1C18DBB722EC253F00F50DB9 /* Sources */ = {
			isa = PBXSourcesBuildPhase;
			buildActionMask = 2147483647;
			files = (
				1CE67A2522EC70C600ADE875 /* XCTestAdditions.swift in Sources */,
				1C18DBC022EC254000F50DB9 /* NYTimesTests.swift in Sources */,
			);
			runOnlyForDeploymentPostprocessing = 0;
		};
		1C18DBC222EC254000F50DB9 /* Sources */ = {
			isa = PBXSourcesBuildPhase;
			buildActionMask = 2147483647;
			files = (
				1CE67A2622EC70C700ADE875 /* XCTestAdditions.swift in Sources */,
				1C18DBCB22EC254000F50DB9 /* NYTimesUITests.swift in Sources */,
			);
			runOnlyForDeploymentPostprocessing = 0;
		};
/* End PBXSourcesBuildPhase section */

/* Begin PBXTargetDependency section */
		1C18DBBD22EC254000F50DB9 /* PBXTargetDependency */ = {
			isa = PBXTargetDependency;
			target = 1C18DBA622EC253C00F50DB9 /* NYTimes */;
			targetProxy = 1C18DBBC22EC254000F50DB9 /* PBXContainerItemProxy */;
		};
		1C18DBC822EC254000F50DB9 /* PBXTargetDependency */ = {
			isa = PBXTargetDependency;
			target = 1C18DBA622EC253C00F50DB9 /* NYTimes */;
			targetProxy = 1C18DBC722EC254000F50DB9 /* PBXContainerItemProxy */;
		};
/* End PBXTargetDependency section */

/* Begin PBXVariantGroup section */
		1C18DBAE22EC253C00F50DB9 /* Main.storyboard */ = {
			isa = PBXVariantGroup;
			children = (
				1C18DBAF22EC253C00F50DB9 /* Base */,
			);
			name = Main.storyboard;
			sourceTree = "<group>";
		};
		1C18DBB322EC253F00F50DB9 /* LaunchScreen.storyboard */ = {
			isa = PBXVariantGroup;
			children = (
				1C18DBB422EC253F00F50DB9 /* Base */,
			);
			name = LaunchScreen.storyboard;
			sourceTree = "<group>";
		};
/* End PBXVariantGroup section */

/* Begin XCBuildConfiguration section */
		1C18DBCD22EC254000F50DB9 /* Debug */ = {
			isa = XCBuildConfiguration;
			buildSettings = {
				ALWAYS_SEARCH_USER_PATHS = NO;
				CLANG_ANALYZER_NONNULL = YES;
				CLANG_ANALYZER_NUMBER_OBJECT_CONVERSION = YES_AGGRESSIVE;
				CLANG_CXX_LANGUAGE_STANDARD = "gnu++14";
				CLANG_CXX_LIBRARY = "libc++";
				CLANG_ENABLE_MODULES = YES;
				CLANG_ENABLE_OBJC_ARC = YES;
				CLANG_ENABLE_OBJC_WEAK = YES;
				CLANG_WARN_BLOCK_CAPTURE_AUTORELEASING = YES;
				CLANG_WARN_BOOL_CONVERSION = YES;
				CLANG_WARN_COMMA = YES;
				CLANG_WARN_CONSTANT_CONVERSION = YES;
				CLANG_WARN_DEPRECATED_OBJC_IMPLEMENTATIONS = YES;
				CLANG_WARN_DIRECT_OBJC_ISA_USAGE = YES_ERROR;
				CLANG_WARN_DOCUMENTATION_COMMENTS = YES;
				CLANG_WARN_EMPTY_BODY = YES;
				CLANG_WARN_ENUM_CONVERSION = YES;
				CLANG_WARN_INFINITE_RECURSION = YES;
				CLANG_WARN_INT_CONVERSION = YES;
				CLANG_WARN_NON_LITERAL_NULL_CONVERSION = YES;
				CLANG_WARN_OBJC_IMPLICIT_RETAIN_SELF = YES;
				CLANG_WARN_OBJC_LITERAL_CONVERSION = YES;
				CLANG_WARN_OBJC_ROOT_CLASS = YES_ERROR;
				CLANG_WARN_RANGE_LOOP_ANALYSIS = YES;
				CLANG_WARN_STRICT_PROTOTYPES = YES;
				CLANG_WARN_SUSPICIOUS_MOVE = YES;
				CLANG_WARN_UNGUARDED_AVAILABILITY = YES_AGGRESSIVE;
				CLANG_WARN_UNREACHABLE_CODE = YES;
				CLANG_WARN__DUPLICATE_METHOD_MATCH = YES;
				CODE_SIGN_IDENTITY = "iPhone Developer";
				COPY_PHASE_STRIP = NO;
				DEBUG_INFORMATION_FORMAT = dwarf;
				ENABLE_STRICT_OBJC_MSGSEND = YES;
				ENABLE_TESTABILITY = YES;
				GCC_C_LANGUAGE_STANDARD = gnu11;
				GCC_DYNAMIC_NO_PIC = NO;
				GCC_NO_COMMON_BLOCKS = YES;
				GCC_OPTIMIZATION_LEVEL = 0;
				GCC_PREPROCESSOR_DEFINITIONS = (
					"DEBUG=1",
					"$(inherited)",
				);
				GCC_WARN_64_TO_32_BIT_CONVERSION = YES;
				GCC_WARN_ABOUT_RETURN_TYPE = YES_ERROR;
				GCC_WARN_UNDECLARED_SELECTOR = YES;
				GCC_WARN_UNINITIALIZED_AUTOS = YES_AGGRESSIVE;
				GCC_WARN_UNUSED_FUNCTION = YES;
				GCC_WARN_UNUSED_VARIABLE = YES;
				IPHONEOS_DEPLOYMENT_TARGET = 10.0;
				MTL_ENABLE_DEBUG_INFO = INCLUDE_SOURCE;
				MTL_FAST_MATH = YES;
				ONLY_ACTIVE_ARCH = YES;
				SDKROOT = iphoneos;
				SWIFT_ACTIVE_COMPILATION_CONDITIONS = DEBUG;
				SWIFT_OPTIMIZATION_LEVEL = "-Onone";
			};
			name = Debug;
		};
		1C18DBCE22EC254000F50DB9 /* Release */ = {
			isa = XCBuildConfiguration;
			buildSettings = {
				ALWAYS_SEARCH_USER_PATHS = NO;
				CLANG_ANALYZER_NONNULL = YES;
				CLANG_ANALYZER_NUMBER_OBJECT_CONVERSION = YES_AGGRESSIVE;
				CLANG_CXX_LANGUAGE_STANDARD = "gnu++14";
				CLANG_CXX_LIBRARY = "libc++";
				CLANG_ENABLE_MODULES = YES;
				CLANG_ENABLE_OBJC_ARC = YES;
				CLANG_ENABLE_OBJC_WEAK = YES;
				CLANG_WARN_BLOCK_CAPTURE_AUTORELEASING = YES;
				CLANG_WARN_BOOL_CONVERSION = YES;
				CLANG_WARN_COMMA = YES;
				CLANG_WARN_CONSTANT_CONVERSION = YES;
				CLANG_WARN_DEPRECATED_OBJC_IMPLEMENTATIONS = YES;
				CLANG_WARN_DIRECT_OBJC_ISA_USAGE = YES_ERROR;
				CLANG_WARN_DOCUMENTATION_COMMENTS = YES;
				CLANG_WARN_EMPTY_BODY = YES;
				CLANG_WARN_ENUM_CONVERSION = YES;
				CLANG_WARN_INFINITE_RECURSION = YES;
				CLANG_WARN_INT_CONVERSION = YES;
				CLANG_WARN_NON_LITERAL_NULL_CONVERSION = YES;
				CLANG_WARN_OBJC_IMPLICIT_RETAIN_SELF = YES;
				CLANG_WARN_OBJC_LITERAL_CONVERSION = YES;
				CLANG_WARN_OBJC_ROOT_CLASS = YES_ERROR;
				CLANG_WARN_RANGE_LOOP_ANALYSIS = YES;
				CLANG_WARN_STRICT_PROTOTYPES = YES;
				CLANG_WARN_SUSPICIOUS_MOVE = YES;
				CLANG_WARN_UNGUARDED_AVAILABILITY = YES_AGGRESSIVE;
				CLANG_WARN_UNREACHABLE_CODE = YES;
				CLANG_WARN__DUPLICATE_METHOD_MATCH = YES;
				CODE_SIGN_IDENTITY = "iPhone Developer";
				COPY_PHASE_STRIP = NO;
				DEBUG_INFORMATION_FORMAT = "dwarf-with-dsym";
				ENABLE_NS_ASSERTIONS = NO;
				ENABLE_STRICT_OBJC_MSGSEND = YES;
				GCC_C_LANGUAGE_STANDARD = gnu11;
				GCC_NO_COMMON_BLOCKS = YES;
				GCC_WARN_64_TO_32_BIT_CONVERSION = YES;
				GCC_WARN_ABOUT_RETURN_TYPE = YES_ERROR;
				GCC_WARN_UNDECLARED_SELECTOR = YES;
				GCC_WARN_UNINITIALIZED_AUTOS = YES_AGGRESSIVE;
				GCC_WARN_UNUSED_FUNCTION = YES;
				GCC_WARN_UNUSED_VARIABLE = YES;
				IPHONEOS_DEPLOYMENT_TARGET = 10.0;
				MTL_ENABLE_DEBUG_INFO = NO;
				MTL_FAST_MATH = YES;
				SDKROOT = iphoneos;
				SWIFT_COMPILATION_MODE = wholemodule;
				SWIFT_OPTIMIZATION_LEVEL = "-O";
				VALIDATE_PRODUCT = YES;
			};
			name = Release;
		};
		1C18DBD022EC254000F50DB9 /* Debug */ = {
			isa = XCBuildConfiguration;
			baseConfigurationReference = B5D8638CC2E3548704F30B57 /* Pods-NYTimes.debug.xcconfig */;
			buildSettings = {
				ASSETCATALOG_COMPILER_APPICON_NAME = AppIcon;
				CODE_SIGN_IDENTITY = "iPhone Developer";
				CODE_SIGN_STYLE = Automatic;
				DEVELOPMENT_TEAM = "";
				INFOPLIST_FILE = NYTimes/Info.plist;
				LD_RUNPATH_SEARCH_PATHS = (
					"$(inherited)",
					"@executable_path/Frameworks",
				);
				PRODUCT_BUNDLE_IDENTIFIER = haider.NYTimes;
				PRODUCT_NAME = "$(TARGET_NAME)";
				PROVISIONING_PROFILE_SPECIFIER = "";
				SWIFT_VERSION = 5.0;
				TARGETED_DEVICE_FAMILY = "1,2";
			};
			name = Debug;
		};
		1C18DBD122EC254000F50DB9 /* Release */ = {
			isa = XCBuildConfiguration;
			baseConfigurationReference = 26127613338CC91DEB5C279E /* Pods-NYTimes.release.xcconfig */;
			buildSettings = {
				ASSETCATALOG_COMPILER_APPICON_NAME = AppIcon;
				CODE_SIGN_IDENTITY = "iPhone Developer";
				CODE_SIGN_STYLE = Automatic;
				DEVELOPMENT_TEAM = "";
				INFOPLIST_FILE = NYTimes/Info.plist;
				LD_RUNPATH_SEARCH_PATHS = (
					"$(inherited)",
					"@executable_path/Frameworks",
				);
				PRODUCT_BUNDLE_IDENTIFIER = haider.NYTimes;
				PRODUCT_NAME = "$(TARGET_NAME)";
				PROVISIONING_PROFILE_SPECIFIER = "";
				SWIFT_VERSION = 5.0;
				TARGETED_DEVICE_FAMILY = "1,2";
			};
			name = Release;
		};
		1C18DBD322EC254000F50DB9 /* Debug */ = {
			isa = XCBuildConfiguration;
			baseConfigurationReference = 75AAC0C808515608A5F09E6B /* Pods-NYTimesTests.debug.xcconfig */;
			buildSettings = {
				ALWAYS_EMBED_SWIFT_STANDARD_LIBRARIES = YES;
				BUNDLE_LOADER = "$(TEST_HOST)";
				CODE_SIGN_STYLE = Automatic;
				DEVELOPMENT_TEAM = A2Z5235GGQ;
				INFOPLIST_FILE = NYTimesTests/Info.plist;
				LD_RUNPATH_SEARCH_PATHS = (
					"$(inherited)",
					"@executable_path/Frameworks",
					"@loader_path/Frameworks",
				);
				PRODUCT_BUNDLE_IDENTIFIER = haider.NYTimesTests;
				PRODUCT_NAME = "$(TARGET_NAME)";
				SWIFT_VERSION = 5.0;
				TARGETED_DEVICE_FAMILY = "1,2";
				TEST_HOST = "$(BUILT_PRODUCTS_DIR)/NYTimes.app/NYTimes";
			};
			name = Debug;
		};
		1C18DBD422EC254000F50DB9 /* Release */ = {
			isa = XCBuildConfiguration;
			baseConfigurationReference = 4DD07CC393EA68D26EA35A35 /* Pods-NYTimesTests.release.xcconfig */;
			buildSettings = {
				ALWAYS_EMBED_SWIFT_STANDARD_LIBRARIES = YES;
				BUNDLE_LOADER = "$(TEST_HOST)";
				CODE_SIGN_STYLE = Automatic;
				DEVELOPMENT_TEAM = A2Z5235GGQ;
				INFOPLIST_FILE = NYTimesTests/Info.plist;
				LD_RUNPATH_SEARCH_PATHS = (
					"$(inherited)",
					"@executable_path/Frameworks",
					"@loader_path/Frameworks",
				);
				PRODUCT_BUNDLE_IDENTIFIER = haider.NYTimesTests;
				PRODUCT_NAME = "$(TARGET_NAME)";
				SWIFT_VERSION = 5.0;
				TARGETED_DEVICE_FAMILY = "1,2";
				TEST_HOST = "$(BUILT_PRODUCTS_DIR)/NYTimes.app/NYTimes";
			};
			name = Release;
		};
		1C18DBD622EC254000F50DB9 /* Debug */ = {
			isa = XCBuildConfiguration;
			baseConfigurationReference = A913D70B2FB3147420841799 /* Pods-NYTimesUITests.debug.xcconfig */;
			buildSettings = {
				ALWAYS_EMBED_SWIFT_STANDARD_LIBRARIES = YES;
				CODE_SIGN_STYLE = Automatic;
				DEVELOPMENT_TEAM = A2Z5235GGQ;
				INFOPLIST_FILE = NYTimesUITests/Info.plist;
				LD_RUNPATH_SEARCH_PATHS = (
					"$(inherited)",
					"@executable_path/Frameworks",
					"@loader_path/Frameworks",
				);
				PRODUCT_BUNDLE_IDENTIFIER = haider.NYTimesUITests;
				PRODUCT_NAME = "$(TARGET_NAME)";
				SWIFT_VERSION = 5.0;
				TARGETED_DEVICE_FAMILY = "1,2";
				TEST_TARGET_NAME = NYTimes;
			};
			name = Debug;
		};
		1C18DBD722EC254000F50DB9 /* Release */ = {
			isa = XCBuildConfiguration;
			baseConfigurationReference = 65C3C0B51B19F7D7089F62C1 /* Pods-NYTimesUITests.release.xcconfig */;
			buildSettings = {
				ALWAYS_EMBED_SWIFT_STANDARD_LIBRARIES = YES;
				CODE_SIGN_STYLE = Automatic;
				DEVELOPMENT_TEAM = A2Z5235GGQ;
				INFOPLIST_FILE = NYTimesUITests/Info.plist;
				LD_RUNPATH_SEARCH_PATHS = (
					"$(inherited)",
					"@executable_path/Frameworks",
					"@loader_path/Frameworks",
				);
				PRODUCT_BUNDLE_IDENTIFIER = haider.NYTimesUITests;
				PRODUCT_NAME = "$(TARGET_NAME)";
				SWIFT_VERSION = 5.0;
				TARGETED_DEVICE_FAMILY = "1,2";
				TEST_TARGET_NAME = NYTimes;
			};
			name = Release;
		};
/* End XCBuildConfiguration section */

/* Begin XCConfigurationList section */
		1C18DBA222EC253C00F50DB9 /* Build configuration list for PBXProject "NYTimes" */ = {
			isa = XCConfigurationList;
			buildConfigurations = (
				1C18DBCD22EC254000F50DB9 /* Debug */,
				1C18DBCE22EC254000F50DB9 /* Release */,
			);
			defaultConfigurationIsVisible = 0;
			defaultConfigurationName = Release;
		};
		1C18DBCF22EC254000F50DB9 /* Build configuration list for PBXNativeTarget "NYTimes" */ = {
			isa = XCConfigurationList;
			buildConfigurations = (
				1C18DBD022EC254000F50DB9 /* Debug */,
				1C18DBD122EC254000F50DB9 /* Release */,
			);
			defaultConfigurationIsVisible = 0;
			defaultConfigurationName = Release;
		};
		1C18DBD222EC254000F50DB9 /* Build configuration list for PBXNativeTarget "NYTimesTests" */ = {
			isa = XCConfigurationList;
			buildConfigurations = (
				1C18DBD322EC254000F50DB9 /* Debug */,
				1C18DBD422EC254000F50DB9 /* Release */,
			);
			defaultConfigurationIsVisible = 0;
			defaultConfigurationName = Release;
		};
		1C18DBD522EC254000F50DB9 /* Build configuration list for PBXNativeTarget "NYTimesUITests" */ = {
			isa = XCConfigurationList;
			buildConfigurations = (
				1C18DBD622EC254000F50DB9 /* Debug */,
				1C18DBD722EC254000F50DB9 /* Release */,
			);
			defaultConfigurationIsVisible = 0;
			defaultConfigurationName = Release;
		};
/* End XCConfigurationList section */
	};
	rootObject = 1C18DB9F22EC253C00F50DB9 /* Project object */;
}
